
Microsoft Visual Studio Solution File, Format Version 12.00
# Visual Studio Version 17
VisualStudioVersion = 17.11.35312.102
MinimumVisualStudioVersion = 10.0.40219.1
Project("{FAE04EC0-301F-11D3-BF4B-00C04F79EFBC}") = "Pratik1", "Pratik1\Pratik1.csproj", "{74F501BB-4604-4338-9053-7BE8275110AC}"
EndProject
Global
	GlobalSection(SolutionConfigurationPlatforms) = preSolution
		Debug|Any CPU = Debug|Any CPU
		Release|Any CPU = Release|Any CPU
	EndGlobalSection
	GlobalSection(ProjectConfigurationPlatforms) = postSolution
		{74F501BB-4604-4338-9053-7BE8275110AC}.Debug|Any CPU.ActiveCfg = Debug|Any CPU
		{74F501BB-4604-4338-9053-7BE8275110AC}.Debug|Any CPU.Build.0 = Debug|Any CPU
		{74F501BB-4604-4338-9053-7BE8275110AC}.Release|Any CPU.ActiveCfg = Release|Any CPU
		{74F501BB-4604-4338-9053-7BE8275110AC}.Release|Any CPU.Build.0 = Release|Any CPU
	EndGlobalSection
	GlobalSection(SolutionProperties) = preSolution
		HideSolutionNode = FALSE
	EndGlobalSection
	GlobalSection(ExtensibilityGlobals) = postSolution
		SolutionGuid = {550D6DD7-7A45-4DFD-8909-423B2D6E3240}
	EndGlobalSection
EndGlobal
